
Microsoft Visual Studio Solution File, Format Version 12.00
# Visual Studio 2012
Project("{8BC9CEB8-8B4A-11D0-8D11-00A0C91BC942}") = "01 算法", "01 折半查找法\01 折半查找法.vcxproj", "{F32C25FA-3C80-420B-82FA-0F85DCCA62E1}"
EndProject
Project("{8BC9CEB8-8B4A-11D0-8D11-00A0C91BC942}") = "02 循环与分支", "04 循环与分支3\04 循环与分支3.vcxproj", "{8082FF4E-5FF2-42CC-9DFB-8CD36D274FD6}"
EndProject
Project("{8BC9CEB8-8B4A-11D0-8D11-00A0C91BC942}") = "03 猜数字游戏", "03 猜数字游戏\03 猜数字游戏.vcxproj", "{6763E2D2-520F-48F9-8C0F-76A905A7D92B}"
EndProject
Project("{8BC9CEB8-8B4A-11D0-8D11-00A0C91BC942}") = "04 函数与递归", "04 函数与递归\04 函数与递归.vcxproj", "{1146EF9A-DB0A-4E74-97DB-D242F78F4E26}"
EndProject
Project("{8BC9CEB8-8B4A-11D0-8D11-00A0C91BC942}") = "05 数组和操作符", "05 数组\05 数组.vcxproj", "{269C0D50-6496-4BCD-84F9-44D50A96ECEF}"
EndProject
Project("{8BC9CEB8-8B4A-11D0-8D11-00A0C91BC942}") = "07 三子棋游戏", "07 三子棋游戏\07 三子棋游戏.vcxproj", "{5A66F7DC-0EFE-4204-A277-BB0315622333}"
EndProject
Project("{8BC9CEB8-8B4A-11D0-8D11-00A0C91BC942}") = "06 扫雷", "06 扫雷\06 扫雷.vcxproj", "{C14CFCC4-C503-42CF-BB6E-FFD0292C060F}"
EndProject
Project("{8BC9CEB8-8B4A-11D0-8D11-00A0C91BC942}") = "08 指针", "08 指针\08 指针.vcxproj", "{DC35E18A-C9B1-4645-AF35-CF1B4F56C756}"
EndProject
Project("{8BC9CEB8-8B4A-11D0-8D11-00A0C91BC942}") = "09 结构体", "09 结构体\09 结构体.vcxproj", "{4E3FC6B5-CCEF-489F-9C6B-CD76D55F4F33}"
EndProject
Global
	GlobalSection(SolutionConfigurationPlatforms) = preSolution
		Debug|Win32 = Debug|Win32
		Release|Win32 = Release|Win32
	EndGlobalSection
	GlobalSection(ProjectConfigurationPlatforms) = postSolution
		{F32C25FA-3C80-420B-82FA-0F85DCCA62E1}.Debug|Win32.ActiveCfg = Debug|Win32
		{F32C25FA-3C80-420B-82FA-0F85DCCA62E1}.Debug|Win32.Build.0 = Debug|Win32
		{F32C25FA-3C80-420B-82FA-0F85DCCA62E1}.Release|Win32.ActiveCfg = Release|Win32
		{F32C25FA-3C80-420B-82FA-0F85DCCA62E1}.Release|Win32.Build.0 = Release|Win32
		{8082FF4E-5FF2-42CC-9DFB-8CD36D274FD6}.Debug|Win32.ActiveCfg = Debug|Win32
		{8082FF4E-5FF2-42CC-9DFB-8CD36D274FD6}.Debug|Win32.Build.0 = Debug|Win32
		{8082FF4E-5FF2-42CC-9DFB-8CD36D274FD6}.Release|Win32.ActiveCfg = Release|Win32
		{8082FF4E-5FF2-42CC-9DFB-8CD36D274FD6}.Release|Win32.Build.0 = Release|Win32
		{6763E2D2-520F-48F9-8C0F-76A905A7D92B}.Debug|Win32.ActiveCfg = Debug|Win32
		{6763E2D2-520F-48F9-8C0F-76A905A7D92B}.Debug|Win32.Build.0 = Debug|Win32
		{6763E2D2-520F-48F9-8C0F-76A905A7D92B}.Release|Win32.ActiveCfg = Release|Win32
		{6763E2D2-520F-48F9-8C0F-76A905A7D92B}.Release|Win32.Build.0 = Release|Win32
		{1146EF9A-DB0A-4E74-97DB-D242F78F4E26}.Debug|Win32.ActiveCfg = Debug|Win32
		{1146EF9A-DB0A-4E74-97DB-D242F78F4E26}.Debug|Win32.Build.0 = Debug|Win32
		{1146EF9A-DB0A-4E74-97DB-D242F78F4E26}.Release|Win32.ActiveCfg = Release|Win32
		{1146EF9A-DB0A-4E74-97DB-D242F78F4E26}.Release|Win32.Build.0 = Release|Win32
		{269C0D50-6496-4BCD-84F9-44D50A96ECEF}.Debug|Win32.ActiveCfg = Debug|Win32
		{269C0D50-6496-4BCD-84F9-44D50A96ECEF}.Debug|Win32.Build.0 = Debug|Win32
		{269C0D50-6496-4BCD-84F9-44D50A96ECEF}.Release|Win32.ActiveCfg = Release|Win32
		{269C0D50-6496-4BCD-84F9-44D50A96ECEF}.Release|Win32.Build.0 = Release|Win32
		{5A66F7DC-0EFE-4204-A277-BB0315622333}.Debug|Win32.ActiveCfg = Debug|Win32
		{5A66F7DC-0EFE-4204-A277-BB0315622333}.Debug|Win32.Build.0 = Debug|Win32
		{5A66F7DC-0EFE-4204-A277-BB0315622333}.Release|Win32.ActiveCfg = Release|Win32
		{5A66F7DC-0EFE-4204-A277-BB0315622333}.Release|Win32.Build.0 = Release|Win32
		{C14CFCC4-C503-42CF-BB6E-FFD0292C060F}.Debug|Win32.ActiveCfg = Debug|Win32
		{C14CFCC4-C503-42CF-BB6E-FFD0292C060F}.Debug|Win32.Build.0 = Debug|Win32
		{C14CFCC4-C503-42CF-BB6E-FFD0292C060F}.Release|Win32.ActiveCfg = Release|Win32
		{C14CFCC4-C503-42CF-BB6E-FFD0292C060F}.Release|Win32.Build.0 = Release|Win32
		{DC35E18A-C9B1-4645-AF35-CF1B4F56C756}.Debug|Win32.ActiveCfg = Debug|Win32
		{DC35E18A-C9B1-4645-AF35-CF1B4F56C756}.Debug|Win32.Build.0 = Debug|Win32
		{DC35E18A-C9B1-4645-AF35-CF1B4F56C756}.Release|Win32.ActiveCfg = Release|Win32
		{DC35E18A-C9B1-4645-AF35-CF1B4F56C756}.Release|Win32.Build.0 = Release|Win32
		{4E3FC6B5-CCEF-489F-9C6B-CD76D55F4F33}.Debug|Win32.ActiveCfg = Debug|Win32
		{4E3FC6B5-CCEF-489F-9C6B-CD76D55F4F33}.Debug|Win32.Build.0 = Debug|Win32
		{4E3FC6B5-CCEF-489F-9C6B-CD76D55F4F33}.Release|Win32.ActiveCfg = Release|Win32
		{4E3FC6B5-CCEF-489F-9C6B-CD76D55F4F33}.Release|Win32.Build.0 = Release|Win32
	EndGlobalSection
	GlobalSection(SolutionProperties) = preSolution
		HideSolutionNode = FALSE
	EndGlobalSection
EndGlobal
